# This file is automatically @generated by Cargo.
# It is not intended for manual editing.
version = 4

[[package]]
name = "chaos_api"
version = "0.1.0"
dependencies = [
 "chaos_core",
]

[[package]]
name = "chaos_assets"
version = "0.1.0"
dependencies = [
 "chaos_core",
]

[[package]]
name = "chaos_audio"
version = "0.1.0"
dependencies = [
 "chaos_core",
]

[[package]]
name = "chaos_core"
version = "0.1.0"

[[package]]
name = "chaos_ecs"
version = "0.1.0"
dependencies = [
 "chaos_core",
]

[[package]]
name = "chaos_engine"
version = "0.1.0"
dependencies = [
 "chaos_assets",
 "chaos_audio",
 "chaos_core",
 "chaos_ecs",
 "chaos_network",
 "chaos_physics",
 "chaos_renderer",
 "chaos_scene",
 "chaos_window",
]

[[package]]
name = "chaos_network"
version = "0.1.0"
dependencies = [
 "chaos_core",
]

[[package]]
name = "chaos_physics"
version = "0.1.0"
dependencies = [
 "chaos_core",
]

[[package]]
name = "chaos_renderer"
version = "0.1.0"
dependencies = [
 "chaos_core",
]

[[package]]
name = "chaos_runtime"
version = "0.1.0"
dependencies = [
 "chaos_api",
 "chaos_core",
 "chaos_engine",
 "chaos_scripting",
]

[[package]]
name = "chaos_scene"
version = "0.1.0"
dependencies = [
 "chaos_core",
 "chaos_ecs",
]

[[package]]
name = "chaos_scripting"
version = "0.1.0"
dependencies = [
 "chaos_api",
 "chaos_core",
]

[[package]]
name = "chaos_tools"
version = "0.1.0"
dependencies = [
 "chaos_core",
]

[[package]]
name = "chaos_window"
version = "0.1.0"
dependencies = [
 "chaos_core",
]

[[package]]
name = "dedicated_server"
version = "0.1.0"
dependencies = [
 "chaos_runtime",
]

[[package]]
name = "editor"
version = "0.1.0"
dependencies = [
 "chaos_engine",
]

[[package]]
name = "sandbox"
version = "0.1.0"
dependencies = [
 "chaos_runtime",
]
